
Microsoft Visual Studio Solution File, Format Version 12.00
# Visual Studio Version 17
VisualStudioVersion = 17.7.34202.233
MinimumVisualStudioVersion = 10.0.40219.1
Project("{2150E333-8FDC-42A3-9474-1A3956D46DE8}") = "src", "src", "{B78CDE19-107F-42A0-82A1-CE5722F5EACB}"
EndProject
Project("{9A19103F-16F7-4668-BE54-9A1E7A4F7556}") = "Application", "Application\Application.csproj", "{4FAAC220-13B8-487E-BDA7-284E930FFA7E}"
EndProject
Project("{9A19103F-16F7-4668-BE54-9A1E7A4F7556}") = "Domain", "Domain\Domain.csproj", "{B1D4ED93-6D5C-4B8E-BF80-DBAEA56A11EE}"
EndProject
Project("{9A19103F-16F7-4668-BE54-9A1E7A4F7556}") = "Infrastructure", "infrastructure\Infrastructure.csproj", "{1DFD0060-8CB9-4A3B-820E-251D5577AD52}"
EndProject
Project("{9A19103F-16F7-4668-BE54-9A1E7A4F7556}") = "WebApi", "WebApi\WebApi.csproj", "{6E31290C-C908-4DF1-862F-FDFAB687112C}"
EndProject
Global
	GlobalSection(SolutionConfigurationPlatforms) = preSolution
		Debug|Any CPU = Debug|Any CPU
		Release|Any CPU = Release|Any CPU
	EndGlobalSection
	GlobalSection(ProjectConfigurationPlatforms) = postSolution
		{4FAAC220-13B8-487E-BDA7-284E930FFA7E}.Debug|Any CPU.ActiveCfg = Debug|Any CPU
		{4FAAC220-13B8-487E-BDA7-284E930FFA7E}.Debug|Any CPU.Build.0 = Debug|Any CPU
		{4FAAC220-13B8-487E-BDA7-284E930FFA7E}.Release|Any CPU.ActiveCfg = Release|Any CPU
		{4FAAC220-13B8-487E-BDA7-284E930FFA7E}.Release|Any CPU.Build.0 = Release|Any CPU
		{B1D4ED93-6D5C-4B8E-BF80-DBAEA56A11EE}.Debug|Any CPU.ActiveCfg = Debug|Any CPU
		{B1D4ED93-6D5C-4B8E-BF80-DBAEA56A11EE}.Debug|Any CPU.Build.0 = Debug|Any CPU
		{B1D4ED93-6D5C-4B8E-BF80-DBAEA56A11EE}.Release|Any CPU.ActiveCfg = Release|Any CPU
		{B1D4ED93-6D5C-4B8E-BF80-DBAEA56A11EE}.Release|Any CPU.Build.0 = Release|Any CPU
		{1DFD0060-8CB9-4A3B-820E-251D5577AD52}.Debug|Any CPU.ActiveCfg = Debug|Any CPU
		{1DFD0060-8CB9-4A3B-820E-251D5577AD52}.Debug|Any CPU.Build.0 = Debug|Any CPU
		{1DFD0060-8CB9-4A3B-820E-251D5577AD52}.Release|Any CPU.ActiveCfg = Release|Any CPU
		{1DFD0060-8CB9-4A3B-820E-251D5577AD52}.Release|Any CPU.Build.0 = Release|Any CPU
		{6E31290C-C908-4DF1-862F-FDFAB687112C}.Debug|Any CPU.ActiveCfg = Debug|Any CPU
		{6E31290C-C908-4DF1-862F-FDFAB687112C}.Debug|Any CPU.Build.0 = Debug|Any CPU
		{6E31290C-C908-4DF1-862F-FDFAB687112C}.Release|Any CPU.ActiveCfg = Release|Any CPU
		{6E31290C-C908-4DF1-862F-FDFAB687112C}.Release|Any CPU.Build.0 = Release|Any CPU
	EndGlobalSection
	GlobalSection(SolutionProperties) = preSolution
		HideSolutionNode = FALSE
	EndGlobalSection
	GlobalSection(NestedProjects) = preSolution
		{4FAAC220-13B8-487E-BDA7-284E930FFA7E} = {B78CDE19-107F-42A0-82A1-CE5722F5EACB}
		{B1D4ED93-6D5C-4B8E-BF80-DBAEA56A11EE} = {B78CDE19-107F-42A0-82A1-CE5722F5EACB}
		{1DFD0060-8CB9-4A3B-820E-251D5577AD52} = {B78CDE19-107F-42A0-82A1-CE5722F5EACB}
		{6E31290C-C908-4DF1-862F-FDFAB687112C} = {B78CDE19-107F-42A0-82A1-CE5722F5EACB}
	EndGlobalSection
	GlobalSection(ExtensibilityGlobals) = postSolution
		SolutionGuid = {E4685ACA-1004-48F5-AFF8-861BAB55F911}
	EndGlobalSection
EndGlobal
